// !$*UTF8*$!
{
	archiveVersion = 1;
	classes = {
	};
	objectVersion = 50;
	objects = {

/* Begin PBXBuildFile section */
		92124EE223867999005AB4B2 /* SocketIOManager.swift in Sources */ = {isa = PBXBuildFile; fileRef = 92124EE123867999005AB4B2 /* SocketIOManager.swift */; };
		92124EE423868D96005AB4B2 /* RoomViewController.swift in Sources */ = {isa = PBXBuildFile; fileRef = 92124EE323868D96005AB4B2 /* RoomViewController.swift */; };
		926FAC8A2386F8D400F553C1 /* MessageViewController.swift in Sources */ = {isa = PBXBuildFile; fileRef = 926FAC892386F8D400F553C1 /* MessageViewController.swift */; };
		927564D923865E94001BA488 /* AppDelegate.swift in Sources */ = {isa = PBXBuildFile; fileRef = 927564D823865E94001BA488 /* AppDelegate.swift */; };
		927564DB23865E94001BA488 /* ViewController.swift in Sources */ = {isa = PBXBuildFile; fileRef = 927564DA23865E94001BA488 /* ViewController.swift */; };
		927564DE23865E95001BA488 /* Main.storyboard in Resources */ = {isa = PBXBuildFile; fileRef = 927564DC23865E95001BA488 /* Main.storyboard */; };
		927564E023865E96001BA488 /* Assets.xcassets in Resources */ = {isa = PBXBuildFile; fileRef = 927564DF23865E96001BA488 /* Assets.xcassets */; };
		927564E323865E96001BA488 /* LaunchScreen.storyboard in Resources */ = {isa = PBXBuildFile; fileRef = 927564E123865E96001BA488 /* LaunchScreen.storyboard */; };
		ED19D6CFCE69D94BCB01FBA1 /* Pods_chatapp.framework in Frameworks */ = {isa = PBXBuildFile; fileRef = 11F7A0E9CC0C1FBBC7C17E35 /* Pods_chatapp.framework */; };
/* End PBXBuildFile section */

/* Begin PBXFileReference section */
		11F7A0E9CC0C1FBBC7C17E35 /* Pods_chatapp.framework */ = {isa = PBXFileReference; explicitFileType = wrapper.framework; includeInIndex = 0; path = Pods_chatapp.framework; sourceTree = BUILT_PRODUCTS_DIR; };
		2833DD06AD6CAE8DA784C935 /* Pods-chatapp.debug.xcconfig */ = {isa = PBXFileReference; includeInIndex = 1; lastKnownFileType = text.xcconfig; name = "Pods-chatapp.debug.xcconfig"; path = "Target Support Files/Pods-chatapp/Pods-chatapp.debug.xcconfig"; sourceTree = "<group>"; };
		70730EF163425E1421BB8A11 /* Pods-chatapp.release.xcconfig */ = {isa = PBXFileReference; includeInIndex = 1; lastKnownFileType = text.xcconfig; name = "Pods-chatapp.release.xcconfig"; path = "Target Support Files/Pods-chatapp/Pods-chatapp.release.xcconfig"; sourceTree = "<group>"; };
		92124EE123867999005AB4B2 /* SocketIOManager.swift */ = {isa = PBXFileReference; lastKnownFileType = sourcecode.swift; path = SocketIOManager.swift; sourceTree = "<group>"; };
		92124EE323868D96005AB4B2 /* RoomViewController.swift */ = {isa = PBXFileReference; lastKnownFileType = sourcecode.swift; path = RoomViewController.swift; sourceTree = "<group>"; };
		926FAC892386F8D400F553C1 /* MessageViewController.swift */ = {isa = PBXFileReference; lastKnownFileType = sourcecode.swift; path = MessageViewController.swift; sourceTree = "<group>"; };
		927564D523865E94001BA488 /* chatapp.app */ = {isa = PBXFileReference; explicitFileType = wrapper.application; includeInIndex = 0; path = chatapp.app; sourceTree = BUILT_PRODUCTS_DIR; };
		927564D823865E94001BA488 /* AppDelegate.swift */ = {isa = PBXFileReference; lastKnownFileType = sourcecode.swift; path = AppDelegate.swift; sourceTree = "<group>"; };
		927564DA23865E94001BA488 /* ViewController.swift */ = {isa = PBXFileReference; lastKnownFileType = sourcecode.swift; path = ViewController.swift; sourceTree = "<group>"; };
		927564DD23865E95001BA488 /* Base */ = {isa = PBXFileReference; lastKnownFileType = file.storyboard; name = Base; path = Base.lproj/Main.storyboard; sourceTree = "<group>"; };
		927564DF23865E96001BA488 /* Assets.xcassets */ = {isa = PBXFileReference; lastKnownFileType = folder.assetcatalog; path = Assets.xcassets; sourceTree = "<group>"; };
		927564E223865E96001BA488 /* Base */ = {isa = PBXFileReference; lastKnownFileType = file.storyboard; name = Base; path = Base.lproj/LaunchScreen.storyboard; sourceTree = "<group>"; };
		927564E423865E96001BA488 /* Info.plist */ = {isa = PBXFileReference; lastKnownFileType = text.plist.xml; path = Info.plist; sourceTree = "<group>"; };
/* End PBXFileReference section */

/* Begin PBXFrameworksBuildPhase section */
		927564D223865E94001BA488 /* Frameworks */ = {
			isa = PBXFrameworksBuildPhase;
			buildActionMask = 2147483647;
			files = (
				ED19D6CFCE69D94BCB01FBA1 /* Pods_chatapp.framework in Frameworks */,
			);
			runOnlyForDeploymentPostprocessing = 0;
		};
/* End PBXFrameworksBuildPhase section */

/* Begin PBXGroup section */
		927564CC23865E94001BA488 = {
			isa = PBXGroup;
			children = (
				927564D723865E94001BA488 /* chatapp */,
				927564D623865E94001BA488 /* Products */,
				D369B6B2A9DDBD75F1B01F59 /* Pods */,
				DA0394EB163FC29DA0BF7033 /* Frameworks */,
			);
			sourceTree = "<group>";
		};
		927564D623865E94001BA488 /* Products */ = {
			isa = PBXGroup;
			children = (
				927564D523865E94001BA488 /* chatapp.app */,
			);
			name = Products;
			sourceTree = "<group>";
		};
		927564D723865E94001BA488 /* chatapp */ = {
			isa = PBXGroup;
			children = (
				927564D823865E94001BA488 /* AppDelegate.swift */,
				927564DA23865E94001BA488 /* ViewController.swift */,
				927564DC23865E95001BA488 /* Main.storyboard */,
				927564DF23865E96001BA488 /* Assets.xcassets */,
				927564E123865E96001BA488 /* LaunchScreen.storyboard */,
				927564E423865E96001BA488 /* Info.plist */,
				92124EE123867999005AB4B2 /* SocketIOManager.swift */,
				92124EE323868D96005AB4B2 /* RoomViewController.swift */,
				926FAC892386F8D400F553C1 /* MessageViewController.swift */,
			);
			path = chatapp;
			sourceTree = "<group>";
		};
		D369B6B2A9DDBD75F1B01F59 /* Pods */ = {
			isa = PBXGroup;
			children = (
				2833DD06AD6CAE8DA784C935 /* Pods-chatapp.debug.xcconfig */,
				70730EF163425E1421BB8A11 /* Pods-chatapp.release.xcconfig */,
			);
			path = Pods;
			sourceTree = "<group>";
		};
		DA0394EB163FC29DA0BF7033 /* Frameworks */ = {
			isa = PBXGroup;
			children = (
				11F7A0E9CC0C1FBBC7C17E35 /* Pods_chatapp.framework */,
			);
			name = Frameworks;
			sourceTree = "<group>";
		};
/* End PBXGroup section */

/* Begin PBXNativeTarget section */
		927564D423865E94001BA488 /* chatapp */ = {
			isa = PBXNativeTarget;
			buildConfigurationList = 927564E723865E96001BA488 /* Build configuration list for PBXNativeTarget "chatapp" */;
			buildPhases = (
				80D5A30A2BEA66C5D87F8C77 /* [CP] Check Pods Manifest.lock */,
				927564D123865E94001BA488 /* Sources */,
				927564D223865E94001BA488 /* Frameworks */,
				927564D323865E94001BA488 /* Resources */,
				FED573A445F52AB2850D28BF /* [CP] Embed Pods Frameworks */,
			);
			buildRules = (
			);
			dependencies = (
			);
			name = chatapp;
			productName = chatapp;
			productReference = 927564D523865E94001BA488 /* chatapp.app */;
			productType = "com.apple.product-type.application";
		};
/* End PBXNativeTarget section */

/* Begin PBXProject section */
		927564CD23865E94001BA488 /* Project object */ = {
			isa = PBXProject;
			attributes = {
				LastSwiftUpdateCheck = 1000;
				LastUpgradeCheck = 1000;
				ORGANIZATIONNAME = "Swarupa Vengurlekar";
				TargetAttributes = {
					927564D423865E94001BA488 = {
						CreatedOnToolsVersion = 10.0;
					};
				};
			};
			buildConfigurationList = 927564D023865E94001BA488 /* Build configuration list for PBXProject "chatapp" */;
			compatibilityVersion = "Xcode 9.3";
			developmentRegion = en;
			hasScannedForEncodings = 0;
			knownRegions = (
				en,
				Base,
			);
			mainGroup = 927564CC23865E94001BA488;
			productRefGroup = 927564D623865E94001BA488 /* Products */;
			projectDirPath = "";
			projectRoot = "";
			targets = (
				927564D423865E94001BA488 /* chatapp */,
			);
		};
/* End PBXProject section */

/* Begin PBXResourcesBuildPhase section */
		927564D323865E94001BA488 /* Resources */ = {
			isa = PBXResourcesBuildPhase;
			buildActionMask = 2147483647;
			files = (
				927564E323865E96001BA488 /* LaunchScreen.storyboard in Resources */,
				927564E023865E96001BA488 /* Assets.xcassets in Resources */,
				927564DE23865E95001BA488 /* Main.storyboard in Resources */,
			);
			runOnlyForDeploymentPostprocessing = 0;
		};
/* End PBXResourcesBuildPhase section */

/* Begin PBXShellScriptBuildPhase section */
		80D5A30A2BEA66C5D87F8C77 /* [CP] Check Pods Manifest.lock */ = {
			isa = PBXShellScriptBuildPhase;
			buildActionMask = 2147483647;
			files = (
			);
			inputFileListPaths = (
			);
			inputPaths = (
				"${PODS_PODFILE_DIR_PATH}/Podfile.lock",
				"${PODS_ROOT}/Manifest.lock",
			);
			name = "[CP] Check Pods Manifest.lock";
			outputFileListPaths = (
			);
			outputPaths = (
				"$(DERIVED_FILE_DIR)/Pods-chatapp-checkManifestLockResult.txt",
			);
			runOnlyForDeploymentPostprocessing = 0;
			shellPath = /bin/sh;
			shellScript = "diff \"${PODS_PODFILE_DIR_PATH}/Podfile.lock\" \"${PODS_ROOT}/Manifest.lock\" > /dev/null\nif [ $? != 0 ] ; then\n    # print error to STDERR\n    echo \"error: The sandbox is not in sync with the Podfile.lock. Run 'pod install' or update your CocoaPods installation.\" >&2\n    exit 1\nfi\n# This output is used by Xcode 'outputs' to avoid re-running this script phase.\necho \"SUCCESS\" > \"${SCRIPT_OUTPUT_FILE_0}\"\n";
			showEnvVarsInLog = 0;
		};
		FED573A445F52AB2850D28BF /* [CP] Embed Pods Frameworks */ = {
			isa = PBXShellScriptBuildPhase;
			buildActionMask = 2147483647;
			files = (
			);
			inputFileListPaths = (
			);
			inputPaths = (
				"${PODS_ROOT}/Target Support Files/Pods-chatapp/Pods-chatapp-frameworks.sh",
				"${BUILT_PRODUCTS_DIR}/Socket.IO-Client-Swift/SocketIO.framework",
				"${BUILT_PRODUCTS_DIR}/Starscream/Starscream.framework",
			);
			name = "[CP] Embed Pods Frameworks";
			outputFileListPaths = (
			);
			outputPaths = (
				"${TARGET_BUILD_DIR}/${FRAMEWORKS_FOLDER_PATH}/SocketIO.framework",
				"${TARGET_BUILD_DIR}/${FRAMEWORKS_FOLDER_PATH}/Starscream.framework",
			);
			runOnlyForDeploymentPostprocessing = 0;
			shellPath = /bin/sh;
			shellScript = "\"${PODS_ROOT}/Target Support Files/Pods-chatapp/Pods-chatapp-frameworks.sh\"\n";
			showEnvVarsInLog = 0;
		};
/* End PBXShellScriptBuildPhase section */

/* Begin PBXSourcesBuildPhase section */
		927564D123865E94001BA488 /* Sources */ = {
			isa = PBXSourcesBuildPhase;
			buildActionMask = 2147483647;
			files = (
				927564DB23865E94001BA488 /* ViewController.swift in Sources */,
				92124EE223867999005AB4B2 /* SocketIOManager.swift in Sources */,
				927564D923865E94001BA488 /* AppDelegate.swift in Sources */,
				92124EE423868D96005AB4B2 /* RoomViewController.swift in Sources */,
				926FAC8A2386F8D400F553C1 /* MessageViewController.swift in Sources */,
			);
			runOnlyForDeploymentPostprocessing = 0;
		};
/* End PBXSourcesBuildPhase section */

/* Begin PBXVariantGroup section */
		927564DC23865E95001BA488 /* Main.storyboard */ = {
			isa = PBXVariantGroup;
			children = (
				927564DD23865E95001BA488 /* Base */,
			);
			name = Main.storyboard;
			sourceTree = "<group>";
		};
		927564E123865E96001BA488 /* LaunchScreen.storyboard */ = {
			isa = PBXVariantGroup;
			children = (
				927564E223865E96001BA488 /* Base */,
			);
			name = LaunchScreen.storyboard;
			sourceTree = "<group>";
		};
/* End PBXVariantGroup section */

/* Begin XCBuildConfiguration section */
		927564E523865E96001BA488 /* Debug */ = {
			isa = XCBuildConfiguration;
			buildSettings = {
				ALWAYS_SEARCH_USER_PATHS = NO;
				CLANG_ANALYZER_NONNULL = YES;
				CLANG_ANALYZER_NUMBER_OBJECT_CONVERSION = YES_AGGRESSIVE;
				CLANG_CXX_LANGUAGE_STANDARD = "gnu++14";
				CLANG_CXX_LIBRARY = "libc++";
				CLANG_ENABLE_MODULES = YES;
				CLANG_ENABLE_OBJC_ARC = YES;
				CLANG_ENABLE_OBJC_WEAK = YES;
				CLANG_WARN_BLOCK_CAPTURE_AUTORELEASING = YES;
				CLANG_WARN_BOOL_CONVERSION = YES;
				CLANG_WARN_COMMA = YES;
				CLANG_WARN_CONSTANT_CONVERSION = YES;
				CLANG_WARN_DEPRECATED_OBJC_IMPLEMENTATIONS = YES;
				CLANG_WARN_DIRECT_OBJC_ISA_USAGE = YES_ERROR;
				CLANG_WARN_DOCUMENTATION_COMMENTS = YES;
				CLANG_WARN_EMPTY_BODY = YES;
				CLANG_WARN_ENUM_CONVERSION = YES;
				CLANG_WARN_INFINITE_RECURSION = YES;
				CLANG_WARN_INT_CONVERSION = YES;
				CLANG_WARN_NON_LITERAL_NULL_CONVERSION = YES;
				CLANG_WARN_OBJC_IMPLICIT_RETAIN_SELF = YES;
				CLANG_WARN_OBJC_LITERAL_CONVERSION = YES;
				CLANG_WARN_OBJC_ROOT_CLASS = YES_ERROR;
				CLANG_WARN_RANGE_LOOP_ANALYSIS = YES;
				CLANG_WARN_STRICT_PROTOTYPES = YES;
				CLANG_WARN_SUSPICIOUS_MOVE = YES;
				CLANG_WARN_UNGUARDED_AVAILABILITY = YES_AGGRESSIVE;
				CLANG_WARN_UNREACHABLE_CODE = YES;
				CLANG_WARN__DUPLICATE_METHOD_MATCH = YES;
				CODE_SIGN_IDENTITY = "iPhone Developer";
				COPY_PHASE_STRIP = NO;
				DEBUG_INFORMATION_FORMAT = dwarf;
				ENABLE_STRICT_OBJC_MSGSEND = YES;
				ENABLE_TESTABILITY = YES;
				GCC_C_LANGUAGE_STANDARD = gnu11;
				GCC_DYNAMIC_NO_PIC = NO;
				GCC_NO_COMMON_BLOCKS = YES;
				GCC_OPTIMIZATION_LEVEL = 0;
				GCC_PREPROCESSOR_DEFINITIONS = (
					"DEBUG=1",
					"$(inherited)",
				);
				GCC_WARN_64_TO_32_BIT_CONVERSION = YES;
				GCC_WARN_ABOUT_RETURN_TYPE = YES_ERROR;
				GCC_WARN_UNDECLARED_SELECTOR = YES;
				GCC_WARN_UNINITIALIZED_AUTOS = YES_AGGRESSIVE;
				GCC_WARN_UNUSED_FUNCTION = YES;
				GCC_WARN_UNUSED_VARIABLE = YES;
				IPHONEOS_DEPLOYMENT_TARGET = 12.0;
				MTL_ENABLE_DEBUG_INFO = INCLUDE_SOURCE;
				MTL_FAST_MATH = YES;
				ONLY_ACTIVE_ARCH = YES;
				SDKROOT = iphoneos;
				SWIFT_ACTIVE_COMPILATION_CONDITIONS = DEBUG;
				SWIFT_OPTIMIZATION_LEVEL = "-Onone";
			};
			name = Debug;
		};
		927564E623865E96001BA488 /* Release */ = {
			isa = XCBuildConfiguration;
			buildSettings = {
				ALWAYS_SEARCH_USER_PATHS = NO;
				CLANG_ANALYZER_NONNULL = YES;
				CLANG_ANALYZER_NUMBER_OBJECT_CONVERSION = YES_AGGRESSIVE;
				CLANG_CXX_LANGUAGE_STANDARD = "gnu++14";
				CLANG_CXX_LIBRARY = "libc++";
				CLANG_ENABLE_MODULES = YES;
				CLANG_ENABLE_OBJC_ARC = YES;
				CLANG_ENABLE_OBJC_WEAK = YES;
				CLANG_WARN_BLOCK_CAPTURE_AUTORELEASING = YES;
				CLANG_WARN_BOOL_CONVERSION = YES;
				CLANG_WARN_COMMA = YES;
				CLANG_WARN_CONSTANT_CONVERSION = YES;
				CLANG_WARN_DEPRECATED_OBJC_IMPLEMENTATIONS = YES;
				CLANG_WARN_DIRECT_OBJC_ISA_USAGE = YES_ERROR;
				CLANG_WARN_DOCUMENTATION_COMMENTS = YES;
				CLANG_WARN_EMPTY_BODY = YES;
				CLANG_WARN_ENUM_CONVERSION = YES;
				CLANG_WARN_INFINITE_RECURSION = YES;
				CLANG_WARN_INT_CONVERSION = YES;
				CLANG_WARN_NON_LITERAL_NULL_CONVERSION = YES;
				CLANG_WARN_OBJC_IMPLICIT_RETAIN_SELF = YES;
				CLANG_WARN_OBJC_LITERAL_CONVERSION = YES;
				CLANG_WARN_OBJC_ROOT_CLASS = YES_ERROR;
				CLANG_WARN_RANGE_LOOP_ANALYSIS = YES;
				CLANG_WARN_STRICT_PROTOTYPES = YES;
				CLANG_WARN_SUSPICIOUS_MOVE = YES;
				CLANG_WARN_UNGUARDED_AVAILABILITY = YES_AGGRESSIVE;
				CLANG_WARN_UNREACHABLE_CODE = YES;
				CLANG_WARN__DUPLICATE_METHOD_MATCH = YES;
				CODE_SIGN_IDENTITY = "iPhone Developer";
				COPY_PHASE_STRIP = NO;
				DEBUG_INFORMATION_FORMAT = "dwarf-with-dsym";
				ENABLE_NS_ASSERTIONS = NO;
				ENABLE_STRICT_OBJC_MSGSEND = YES;
				GCC_C_LANGUAGE_STANDARD = gnu11;
				GCC_NO_COMMON_BLOCKS = YES;
				GCC_WARN_64_TO_32_BIT_CONVERSION = YES;
				GCC_WARN_ABOUT_RETURN_TYPE = YES_ERROR;
				GCC_WARN_UNDECLARED_SELECTOR = YES;
				GCC_WARN_UNINITIALIZED_AUTOS = YES_AGGRESSIVE;
				GCC_WARN_UNUSED_FUNCTION = YES;
				GCC_WARN_UNUSED_VARIABLE = YES;
				IPHONEOS_DEPLOYMENT_TARGET = 12.0;
				MTL_ENABLE_DEBUG_INFO = NO;
				MTL_FAST_MATH = YES;
				SDKROOT = iphoneos;
				SWIFT_COMPILATION_MODE = wholemodule;
				SWIFT_OPTIMIZATION_LEVEL = "-O";
				VALIDATE_PRODUCT = YES;
			};
			name = Release;
		};
		927564E823865E96001BA488 /* Debug */ = {
			isa = XCBuildConfiguration;
			baseConfigurationReference = 2833DD06AD6CAE8DA784C935 /* Pods-chatapp.debug.xcconfig */;
			buildSettings = {
				ASSETCATALOG_COMPILER_APPICON_NAME = AppIcon;
				CODE_SIGN_STYLE = Automatic;
				INFOPLIST_FILE = chatapp/Info.plist;
				LD_RUNPATH_SEARCH_PATHS = (
					"$(inherited)",
					"@executable_path/Frameworks",
				);
				PRODUCT_BUNDLE_IDENTIFIER = com.swarupa.chatdemoapp.chatapp;
				PRODUCT_NAME = "$(TARGET_NAME)";
				SWIFT_VERSION = 4.2;
				TARGETED_DEVICE_FAMILY = "1,2";
			};
			name = Debug;
		};
		927564E923865E96001BA488 /* Release */ = {
			isa = XCBuildConfiguration;
			baseConfigurationReference = 70730EF163425E1421BB8A11 /* Pods-chatapp.release.xcconfig */;
			buildSettings = {
				ASSETCATALOG_COMPILER_APPICON_NAME = AppIcon;
				CODE_SIGN_STYLE = Automatic;
				INFOPLIST_FILE = chatapp/Info.plist;
				LD_RUNPATH_SEARCH_PATHS = (
					"$(inherited)",
					"@executable_path/Frameworks",
				);
				PRODUCT_BUNDLE_IDENTIFIER = com.swarupa.chatdemoapp.chatapp;
				PRODUCT_NAME = "$(TARGET_NAME)";
				SWIFT_VERSION = 4.2;
				TARGETED_DEVICE_FAMILY = "1,2";
			};
			name = Release;
		};
/* End XCBuildConfiguration section */

/* Begin XCConfigurationList section */
		927564D023865E94001BA488 /* Build configuration list for PBXProject "chatapp" */ = {
			isa = XCConfigurationList;
			buildConfigurations = (
				927564E523865E96001BA488 /* Debug */,
				927564E623865E96001BA488 /* Release */,
			);
			defaultConfigurationIsVisible = 0;
			defaultConfigurationName = Release;
		};
		927564E723865E96001BA488 /* Build configuration list for PBXNativeTarget "chatapp" */ = {
			isa = XCConfigurationList;
			buildConfigurations = (
				927564E823865E96001BA488 /* Debug */,
				927564E923865E96001BA488 /* Release */,
			);
			defaultConfigurationIsVisible = 0;
			defaultConfigurationName = Release;
		};
/* End XCConfigurationList section */
	};
	rootObject = 927564CD23865E94001BA488 /* Project object */;
}
